// !$*UTF8*$!
{
	archiveVersion = 1;
	classes = {
	};
	objectVersion = 46;
	objects = {

/* Begin PBXBuildFile section */
		4C9AE7A91EA17BC500514983 /* MHAppDelegate.swift in Sources */ = {isa = PBXBuildFile; fileRef = 4C9AE7A81EA17BC500514983 /* MHAppDelegate.swift */; };
		4C9AE7AB1EA17BC500514983 /* MHViewController.swift in Sources */ = {isa = PBXBuildFile; fileRef = 4C9AE7AA1EA17BC500514983 /* MHViewController.swift */; };
		4C9AE7AE1EA17BC500514983 /* Main.storyboard in Resources */ = {isa = PBXBuildFile; fileRef = 4C9AE7AC1EA17BC500514983 /* Main.storyboard */; };
		4C9AE7B01EA17BC500514983 /* Assets.xcassets in Resources */ = {isa = PBXBuildFile; fileRef = 4C9AE7AF1EA17BC500514983 /* Assets.xcassets */; };
		4C9AE7B31EA17BC500514983 /* LaunchScreen.storyboard in Resources */ = {isa = PBXBuildFile; fileRef = 4C9AE7B11EA17BC500514983 /* LaunchScreen.storyboard */; };
		4C9AE7BE1EA17BC500514983 /* DinnerRollTests.swift in Sources */ = {isa = PBXBuildFile; fileRef = 4C9AE7BD1EA17BC500514983 /* DinnerRollTests.swift */; };
		4C9AE7C91EA17BC500514983 /* DinnerRollUITests.swift in Sources */ = {isa = PBXBuildFile; fileRef = 4C9AE7C81EA17BC500514983 /* DinnerRollUITests.swift */; };
		4C9AE7D71EA1955900514983 /* Podfile in Resources */ = {isa = PBXBuildFile; fileRef = 4C9AE7D61EA1955900514983 /* Podfile */; };
		4C9AE7DA1EA3274E00514983 /* YelpAPI.framework in Frameworks */ = {isa = PBXBuildFile; fileRef = 4C9AE7D91EA3274E00514983 /* YelpAPI.framework */; };
/* End PBXBuildFile section */

/* Begin PBXContainerItemProxy section */
		4C9AE7BA1EA17BC500514983 /* PBXContainerItemProxy */ = {
			isa = PBXContainerItemProxy;
			containerPortal = 4C9AE79D1EA17BC500514983 /* Project object */;
			proxyType = 1;
			remoteGlobalIDString = 4C9AE7A41EA17BC500514983;
			remoteInfo = DinnerRoll;
		};
		4C9AE7C51EA17BC500514983 /* PBXContainerItemProxy */ = {
			isa = PBXContainerItemProxy;
			containerPortal = 4C9AE79D1EA17BC500514983 /* Project object */;
			proxyType = 1;
			remoteGlobalIDString = 4C9AE7A41EA17BC500514983;
			remoteInfo = DinnerRoll;
		};
/* End PBXContainerItemProxy section */

/* Begin PBXFileReference section */
		4C9AE7A51EA17BC500514983 /* DinnerRoll.app */ = {isa = PBXFileReference; explicitFileType = wrapper.application; includeInIndex = 0; path = DinnerRoll.app; sourceTree = BUILT_PRODUCTS_DIR; };
		4C9AE7A81EA17BC500514983 /* MHAppDelegate.swift */ = {isa = PBXFileReference; lastKnownFileType = sourcecode.swift; path = MHAppDelegate.swift; sourceTree = "<group>"; };
		4C9AE7AA1EA17BC500514983 /* MHViewController.swift */ = {isa = PBXFileReference; lastKnownFileType = sourcecode.swift; path = MHViewController.swift; sourceTree = "<group>"; };
		4C9AE7AD1EA17BC500514983 /* Base */ = {isa = PBXFileReference; lastKnownFileType = file.storyboard; name = Base; path = Base.lproj/Main.storyboard; sourceTree = "<group>"; };
		4C9AE7AF1EA17BC500514983 /* Assets.xcassets */ = {isa = PBXFileReference; lastKnownFileType = folder.assetcatalog; path = Assets.xcassets; sourceTree = "<group>"; };
		4C9AE7B21EA17BC500514983 /* Base */ = {isa = PBXFileReference; lastKnownFileType = file.storyboard; name = Base; path = Base.lproj/LaunchScreen.storyboard; sourceTree = "<group>"; };
		4C9AE7B41EA17BC500514983 /* Info.plist */ = {isa = PBXFileReference; lastKnownFileType = text.plist.xml; path = Info.plist; sourceTree = "<group>"; };
		4C9AE7B91EA17BC500514983 /* DinnerRollTests.xctest */ = {isa = PBXFileReference; explicitFileType = wrapper.cfbundle; includeInIndex = 0; path = DinnerRollTests.xctest; sourceTree = BUILT_PRODUCTS_DIR; };
		4C9AE7BD1EA17BC500514983 /* DinnerRollTests.swift */ = {isa = PBXFileReference; lastKnownFileType = sourcecode.swift; path = DinnerRollTests.swift; sourceTree = "<group>"; };
		4C9AE7BF1EA17BC500514983 /* Info.plist */ = {isa = PBXFileReference; lastKnownFileType = text.plist.xml; path = Info.plist; sourceTree = "<group>"; };
		4C9AE7C41EA17BC500514983 /* DinnerRollUITests.xctest */ = {isa = PBXFileReference; explicitFileType = wrapper.cfbundle; includeInIndex = 0; path = DinnerRollUITests.xctest; sourceTree = BUILT_PRODUCTS_DIR; };
		4C9AE7C81EA17BC500514983 /* DinnerRollUITests.swift */ = {isa = PBXFileReference; lastKnownFileType = sourcecode.swift; path = DinnerRollUITests.swift; sourceTree = "<group>"; };
		4C9AE7CA1EA17BC500514983 /* Info.plist */ = {isa = PBXFileReference; lastKnownFileType = text.plist.xml; path = Info.plist; sourceTree = "<group>"; };
		4C9AE7D61EA1955900514983 /* Podfile */ = {isa = PBXFileReference; explicitFileType = text.script.ruby; fileEncoding = 4; path = Podfile; sourceTree = "<group>"; };
		4C9AE7D91EA3274E00514983 /* YelpAPI.framework */ = {isa = PBXFileReference; lastKnownFileType = wrapper.framework; name = YelpAPI.framework; path = Rome/YelpAPI.framework; sourceTree = "<group>"; };
/* End PBXFileReference section */

/* Begin PBXFrameworksBuildPhase section */
		4C9AE7A21EA17BC500514983 /* Frameworks */ = {
			isa = PBXFrameworksBuildPhase;
			buildActionMask = 2147483647;
			files = (
				4C9AE7DA1EA3274E00514983 /* YelpAPI.framework in Frameworks */,
			);
			runOnlyForDeploymentPostprocessing = 0;
		};
		4C9AE7B61EA17BC500514983 /* Frameworks */ = {
			isa = PBXFrameworksBuildPhase;
			buildActionMask = 2147483647;
			files = (
			);
			runOnlyForDeploymentPostprocessing = 0;
		};
		4C9AE7C11EA17BC500514983 /* Frameworks */ = {
			isa = PBXFrameworksBuildPhase;
			buildActionMask = 2147483647;
			files = (
			);
			runOnlyForDeploymentPostprocessing = 0;
		};
/* End PBXFrameworksBuildPhase section */

/* Begin PBXGroup section */
		4C9AE79C1EA17BC500514983 = {
			isa = PBXGroup;
			children = (
				4C9AE7D61EA1955900514983 /* Podfile */,
				4C9AE7A71EA17BC500514983 /* DinnerRoll */,
				4C9AE7BC1EA17BC500514983 /* DinnerRollTests */,
				4C9AE7C71EA17BC500514983 /* DinnerRollUITests */,
				4C9AE7A61EA17BC500514983 /* Products */,
				4C9AE7D81EA3274E00514983 /* Frameworks */,
			);
			sourceTree = "<group>";
		};
		4C9AE7A61EA17BC500514983 /* Products */ = {
			isa = PBXGroup;
			children = (
				4C9AE7A51EA17BC500514983 /* DinnerRoll.app */,
				4C9AE7B91EA17BC500514983 /* DinnerRollTests.xctest */,
				4C9AE7C41EA17BC500514983 /* DinnerRollUITests.xctest */,
			);
			name = Products;
			sourceTree = "<group>";
		};
		4C9AE7A71EA17BC500514983 /* DinnerRoll */ = {
			isa = PBXGroup;
			children = (
				4C9AE7A81EA17BC500514983 /* MHAppDelegate.swift */,
				4C9AE7AA1EA17BC500514983 /* MHViewController.swift */,
				4C9AE7AC1EA17BC500514983 /* Main.storyboard */,
				4C9AE7AF1EA17BC500514983 /* Assets.xcassets */,
				4C9AE7B11EA17BC500514983 /* LaunchScreen.storyboard */,
				4C9AE7B41EA17BC500514983 /* Info.plist */,
			);
			path = DinnerRoll;
			sourceTree = "<group>";
		};
		4C9AE7BC1EA17BC500514983 /* DinnerRollTests */ = {
			isa = PBXGroup;
			children = (
				4C9AE7BD1EA17BC500514983 /* DinnerRollTests.swift */,
				4C9AE7BF1EA17BC500514983 /* Info.plist */,
			);
			path = DinnerRollTests;
			sourceTree = "<group>";
		};
		4C9AE7C71EA17BC500514983 /* DinnerRollUITests */ = {
			isa = PBXGroup;
			children = (
				4C9AE7C81EA17BC500514983 /* DinnerRollUITests.swift */,
				4C9AE7CA1EA17BC500514983 /* Info.plist */,
			);
			path = DinnerRollUITests;
			sourceTree = "<group>";
		};
		4C9AE7D81EA3274E00514983 /* Frameworks */ = {
			isa = PBXGroup;
			children = (
				4C9AE7D91EA3274E00514983 /* YelpAPI.framework */,
			);
			name = Frameworks;
			sourceTree = "<group>";
		};
/* End PBXGroup section */

/* Begin PBXNativeTarget section */
		4C9AE7A41EA17BC500514983 /* DinnerRoll */ = {
			isa = PBXNativeTarget;
			buildConfigurationList = 4C9AE7CD1EA17BC500514983 /* Build configuration list for PBXNativeTarget "DinnerRoll" */;
			buildPhases = (
				4C9AE7A11EA17BC500514983 /* Sources */,
				4C9AE7A21EA17BC500514983 /* Frameworks */,
				4C9AE7A31EA17BC500514983 /* Resources */,
			);
			buildRules = (
			);
			dependencies = (
			);
			name = DinnerRoll;
			productName = DinnerRoll;
			productReference = 4C9AE7A51EA17BC500514983 /* DinnerRoll.app */;
			productType = "com.apple.product-type.application";
		};
		4C9AE7B81EA17BC500514983 /* DinnerRollTests */ = {
			isa = PBXNativeTarget;
			buildConfigurationList = 4C9AE7D01EA17BC500514983 /* Build configuration list for PBXNativeTarget "DinnerRollTests" */;
			buildPhases = (
				4C9AE7B51EA17BC500514983 /* Sources */,
				4C9AE7B61EA17BC500514983 /* Frameworks */,
				4C9AE7B71EA17BC500514983 /* Resources */,
			);
			buildRules = (
			);
			dependencies = (
				4C9AE7BB1EA17BC500514983 /* PBXTargetDependency */,
			);
			name = DinnerRollTests;
			productName = DinnerRollTests;
			productReference = 4C9AE7B91EA17BC500514983 /* DinnerRollTests.xctest */;
			productType = "com.apple.product-type.bundle.unit-test";
		};
		4C9AE7C31EA17BC500514983 /* DinnerRollUITests */ = {
			isa = PBXNativeTarget;
			buildConfigurationList = 4C9AE7D31EA17BC500514983 /* Build configuration list for PBXNativeTarget "DinnerRollUITests" */;
			buildPhases = (
				4C9AE7C01EA17BC500514983 /* Sources */,
				4C9AE7C11EA17BC500514983 /* Frameworks */,
				4C9AE7C21EA17BC500514983 /* Resources */,
			);
			buildRules = (
			);
			dependencies = (
				4C9AE7C61EA17BC500514983 /* PBXTargetDependency */,
			);
			name = DinnerRollUITests;
			productName = DinnerRollUITests;
			productReference = 4C9AE7C41EA17BC500514983 /* DinnerRollUITests.xctest */;
			productType = "com.apple.product-type.bundle.ui-testing";
		};
/* End PBXNativeTarget section */

/* Begin PBXProject section */
		4C9AE79D1EA17BC500514983 /* Project object */ = {
			isa = PBXProject;
			attributes = {
				LastSwiftUpdateCheck = 0830;
				LastUpgradeCheck = 0830;
				ORGANIZATIONNAME = "Michael Hulet";
				TargetAttributes = {
					4C9AE7A41EA17BC500514983 = {
						CreatedOnToolsVersion = 8.3.1;
						DevelopmentTeam = K3ZLWH83BT;
						ProvisioningStyle = Automatic;
					};
					4C9AE7B81EA17BC500514983 = {
						CreatedOnToolsVersion = 8.3.1;
						DevelopmentTeam = K3ZLWH83BT;
						ProvisioningStyle = Automatic;
						TestTargetID = 4C9AE7A41EA17BC500514983;
					};
					4C9AE7C31EA17BC500514983 = {
						CreatedOnToolsVersion = 8.3.1;
						DevelopmentTeam = K3ZLWH83BT;
						ProvisioningStyle = Automatic;
						TestTargetID = 4C9AE7A41EA17BC500514983;
					};
				};
			};
			buildConfigurationList = 4C9AE7A01EA17BC500514983 /* Build configuration list for PBXProject "DinnerRoll" */;
			compatibilityVersion = "Xcode 3.2";
			developmentRegion = English;
			hasScannedForEncodings = 0;
			knownRegions = (
				en,
				Base,
			);
			mainGroup = 4C9AE79C1EA17BC500514983;
			productRefGroup = 4C9AE7A61EA17BC500514983 /* Products */;
			projectDirPath = "";
			projectRoot = "";
			targets = (
				4C9AE7A41EA17BC500514983 /* DinnerRoll */,
				4C9AE7B81EA17BC500514983 /* DinnerRollTests */,
				4C9AE7C31EA17BC500514983 /* DinnerRollUITests */,
			);
		};
/* End PBXProject section */

/* Begin PBXResourcesBuildPhase section */
		4C9AE7A31EA17BC500514983 /* Resources */ = {
			isa = PBXResourcesBuildPhase;
			buildActionMask = 2147483647;
			files = (
				4C9AE7B31EA17BC500514983 /* LaunchScreen.storyboard in Resources */,
				4C9AE7B01EA17BC500514983 /* Assets.xcassets in Resources */,
				4C9AE7D71EA1955900514983 /* Podfile in Resources */,
				4C9AE7AE1EA17BC500514983 /* Main.storyboard in Resources */,
			);
			runOnlyForDeploymentPostprocessing = 0;
		};
		4C9AE7B71EA17BC500514983 /* Resources */ = {
			isa = PBXResourcesBuildPhase;
			buildActionMask = 2147483647;
			files = (
			);
			runOnlyForDeploymentPostprocessing = 0;
		};
		4C9AE7C21EA17BC500514983 /* Resources */ = {
			isa = PBXResourcesBuildPhase;
			buildActionMask = 2147483647;
			files = (
			);
			runOnlyForDeploymentPostprocessing = 0;
		};
/* End PBXResourcesBuildPhase section */

/* Begin PBXSourcesBuildPhase section */
		4C9AE7A11EA17BC500514983 /* Sources */ = {
			isa = PBXSourcesBuildPhase;
			buildActionMask = 2147483647;
			files = (
				4C9AE7AB1EA17BC500514983 /* MHViewController.swift in Sources */,
				4C9AE7A91EA17BC500514983 /* MHAppDelegate.swift in Sources */,
			);
			runOnlyForDeploymentPostprocessing = 0;
		};
		4C9AE7B51EA17BC500514983 /* Sources */ = {
			isa = PBXSourcesBuildPhase;
			buildActionMask = 2147483647;
			files = (
				4C9AE7BE1EA17BC500514983 /* DinnerRollTests.swift in Sources */,
			);
			runOnlyForDeploymentPostprocessing = 0;
		};
		4C9AE7C01EA17BC500514983 /* Sources */ = {
			isa = PBXSourcesBuildPhase;
			buildActionMask = 2147483647;
			files = (
				4C9AE7C91EA17BC500514983 /* DinnerRollUITests.swift in Sources */,
			);
			runOnlyForDeploymentPostprocessing = 0;
		};
/* End PBXSourcesBuildPhase section */

/* Begin PBXTargetDependency section */
		4C9AE7BB1EA17BC500514983 /* PBXTargetDependency */ = {
			isa = PBXTargetDependency;
			target = 4C9AE7A41EA17BC500514983 /* DinnerRoll */;
			targetProxy = 4C9AE7BA1EA17BC500514983 /* PBXContainerItemProxy */;
		};
		4C9AE7C61EA17BC500514983 /* PBXTargetDependency */ = {
			isa = PBXTargetDependency;
			target = 4C9AE7A41EA17BC500514983 /* DinnerRoll */;
			targetProxy = 4C9AE7C51EA17BC500514983 /* PBXContainerItemProxy */;
		};
/* End PBXTargetDependency section */

/* Begin PBXVariantGroup section */
		4C9AE7AC1EA17BC500514983 /* Main.storyboard */ = {
			isa = PBXVariantGroup;
			children = (
				4C9AE7AD1EA17BC500514983 /* Base */,
			);
			name = Main.storyboard;
			sourceTree = "<group>";
		};
		4C9AE7B11EA17BC500514983 /* LaunchScreen.storyboard */ = {
			isa = PBXVariantGroup;
			children = (
				4C9AE7B21EA17BC500514983 /* Base */,
			);
			name = LaunchScreen.storyboard;
			sourceTree = "<group>";
		};
/* End PBXVariantGroup section */

/* Begin XCBuildConfiguration section */
		4C9AE7CB1EA17BC500514983 /* Debug */ = {
			isa = XCBuildConfiguration;
			buildSettings = {
				ALWAYS_SEARCH_USER_PATHS = NO;
				CLANG_ANALYZER_NONNULL = YES;
				CLANG_ANALYZER_NUMBER_OBJECT_CONVERSION = YES_AGGRESSIVE;
				CLANG_CXX_LANGUAGE_STANDARD = "gnu++0x";
				CLANG_CXX_LIBRARY = "libc++";
				CLANG_ENABLE_MODULES = YES;
				CLANG_ENABLE_OBJC_ARC = YES;
				CLANG_WARN_BOOL_CONVERSION = YES;
				CLANG_WARN_CONSTANT_CONVERSION = YES;
				CLANG_WARN_DIRECT_OBJC_ISA_USAGE = YES_ERROR;
				CLANG_WARN_DOCUMENTATION_COMMENTS = YES;
				CLANG_WARN_EMPTY_BODY = YES;
				CLANG_WARN_ENUM_CONVERSION = YES;
				CLANG_WARN_INFINITE_RECURSION = YES;
				CLANG_WARN_INT_CONVERSION = YES;
				CLANG_WARN_OBJC_ROOT_CLASS = YES_ERROR;
				CLANG_WARN_SUSPICIOUS_MOVE = YES;
				CLANG_WARN_UNREACHABLE_CODE = YES;
				CLANG_WARN__DUPLICATE_METHOD_MATCH = YES;
				"CODE_SIGN_IDENTITY[sdk=iphoneos*]" = "iPhone Developer";
				COPY_PHASE_STRIP = NO;
				DEBUG_INFORMATION_FORMAT = dwarf;
				ENABLE_STRICT_OBJC_MSGSEND = YES;
				ENABLE_TESTABILITY = YES;
				GCC_C_LANGUAGE_STANDARD = gnu99;
				GCC_DYNAMIC_NO_PIC = NO;
				GCC_NO_COMMON_BLOCKS = YES;
				GCC_OPTIMIZATION_LEVEL = 0;
				GCC_PREPROCESSOR_DEFINITIONS = (
					"DEBUG=1",
					"$(inherited)",
				);
				GCC_WARN_64_TO_32_BIT_CONVERSION = YES;
				GCC_WARN_ABOUT_RETURN_TYPE = YES_ERROR;
				GCC_WARN_UNDECLARED_SELECTOR = YES;
				GCC_WARN_UNINITIALIZED_AUTOS = YES_AGGRESSIVE;
				GCC_WARN_UNUSED_FUNCTION = YES;
				GCC_WARN_UNUSED_VARIABLE = YES;
				IPHONEOS_DEPLOYMENT_TARGET = 10.3;
				MTL_ENABLE_DEBUG_INFO = YES;
				ONLY_ACTIVE_ARCH = YES;
				SDKROOT = iphoneos;
				SWIFT_ACTIVE_COMPILATION_CONDITIONS = DEBUG;
				SWIFT_OPTIMIZATION_LEVEL = "-Onone";
				TARGETED_DEVICE_FAMILY = "1,2";
			};
			name = Debug;
		};
		4C9AE7CC1EA17BC500514983 /* Release */ = {
			isa = XCBuildConfiguration;
			buildSettings = {
				ALWAYS_SEARCH_USER_PATHS = NO;
				CLANG_ANALYZER_NONNULL = YES;
				CLANG_ANALYZER_NUMBER_OBJECT_CONVERSION = YES_AGGRESSIVE;
				CLANG_CXX_LANGUAGE_STANDARD = "gnu++0x";
				CLANG_CXX_LIBRARY = "libc++";
				CLANG_ENABLE_MODULES = YES;
				CLANG_ENABLE_OBJC_ARC = YES;
				CLANG_WARN_BOOL_CONVERSION = YES;
				CLANG_WARN_CONSTANT_CONVERSION = YES;
				CLANG_WARN_DIRECT_OBJC_ISA_USAGE = YES_ERROR;
				CLANG_WARN_DOCUMENTATION_COMMENTS = YES;
				CLANG_WARN_EMPTY_BODY = YES;
				CLANG_WARN_ENUM_CONVERSION = YES;
				CLANG_WARN_INFINITE_RECURSION = YES;
				CLANG_WARN_INT_CONVERSION = YES;
				CLANG_WARN_OBJC_ROOT_CLASS = YES_ERROR;
				CLANG_WARN_SUSPICIOUS_MOVE = YES;
				CLANG_WARN_UNREACHABLE_CODE = YES;
				CLANG_WARN__DUPLICATE_METHOD_MATCH = YES;
				"CODE_SIGN_IDENTITY[sdk=iphoneos*]" = "iPhone Developer";
				COPY_PHASE_STRIP = NO;
				DEBUG_INFORMATION_FORMAT = "dwarf-with-dsym";
				ENABLE_NS_ASSERTIONS = NO;
				ENABLE_STRICT_OBJC_MSGSEND = YES;
				GCC_C_LANGUAGE_STANDARD = gnu99;
				GCC_NO_COMMON_BLOCKS = YES;
				GCC_WARN_64_TO_32_BIT_CONVERSION = YES;
				GCC_WARN_ABOUT_RETURN_TYPE = YES_ERROR;
				GCC_WARN_UNDECLARED_SELECTOR = YES;
				GCC_WARN_UNINITIALIZED_AUTOS = YES_AGGRESSIVE;
				GCC_WARN_UNUSED_FUNCTION = YES;
				GCC_WARN_UNUSED_VARIABLE = YES;
				IPHONEOS_DEPLOYMENT_TARGET = 10.3;
				MTL_ENABLE_DEBUG_INFO = NO;
				SDKROOT = iphoneos;
				SWIFT_OPTIMIZATION_LEVEL = "-Owholemodule";
				TARGETED_DEVICE_FAMILY = "1,2";
				VALIDATE_PRODUCT = YES;
			};
			name = Release;
		};
		4C9AE7CE1EA17BC500514983 /* Debug */ = {
			isa = XCBuildConfiguration;
			buildSettings = {
				ASSETCATALOG_COMPILER_APPICON_NAME = AppIcon;
				DEVELOPMENT_TEAM = K3ZLWH83BT;
				FRAMEWORK_SEARCH_PATHS = (
					"$(inherited)",
					"$(PROJECT_DIR)/Rome",
				);
				INFOPLIST_FILE = DinnerRoll/Info.plist;
				IPHONEOS_DEPLOYMENT_TARGET = 8.0;
				LD_RUNPATH_SEARCH_PATHS = "$(inherited) @executable_path/Frameworks";
				PRODUCT_BUNDLE_IDENTIFIER = tech.hulet.DinnerRoll;
				PRODUCT_NAME = "$(TARGET_NAME)";
				SWIFT_VERSION = 3.0;
			};
			name = Debug;
		};
		4C9AE7CF1EA17BC500514983 /* Release */ = {
			isa = XCBuildConfiguration;
			buildSettings = {
				ASSETCATALOG_COMPILER_APPICON_NAME = AppIcon;
				DEVELOPMENT_TEAM = K3ZLWH83BT;
				FRAMEWORK_SEARCH_PATHS = (
					"$(inherited)",
					"$(PROJECT_DIR)/Rome",
				);
				INFOPLIST_FILE = DinnerRoll/Info.plist;
				IPHONEOS_DEPLOYMENT_TARGET = 8.0;
				LD_RUNPATH_SEARCH_PATHS = "$(inherited) @executable_path/Frameworks";
				PRODUCT_BUNDLE_IDENTIFIER = tech.hulet.DinnerRoll;
				PRODUCT_NAME = "$(TARGET_NAME)";
				SWIFT_VERSION = 3.0;
			};
			name = Release;
		};
		4C9AE7D11EA17BC500514983 /* Debug */ = {
			isa = XCBuildConfiguration;
			buildSettings = {
				ALWAYS_EMBED_SWIFT_STANDARD_LIBRARIES = YES;
				BUNDLE_LOADER = "$(TEST_HOST)";
				DEVELOPMENT_TEAM = K3ZLWH83BT;
				INFOPLIST_FILE = DinnerRollTests/Info.plist;
				LD_RUNPATH_SEARCH_PATHS = "$(inherited) @executable_path/Frameworks @loader_path/Frameworks";
				PRODUCT_BUNDLE_IDENTIFIER = tech.hulet.DinnerRollTests;
				PRODUCT_NAME = "$(TARGET_NAME)";
				SWIFT_VERSION = 3.0;
				TEST_HOST = "$(BUILT_PRODUCTS_DIR)/DinnerRoll.app/DinnerRoll";
			};
			name = Debug;
		};
		4C9AE7D21EA17BC500514983 /* Release */ = {
			isa = XCBuildConfiguration;
			buildSettings = {
				ALWAYS_EMBED_SWIFT_STANDARD_LIBRARIES = YES;
				BUNDLE_LOADER = "$(TEST_HOST)";
				DEVELOPMENT_TEAM = K3ZLWH83BT;
				INFOPLIST_FILE = DinnerRollTests/Info.plist;
				LD_RUNPATH_SEARCH_PATHS = "$(inherited) @executable_path/Frameworks @loader_path/Frameworks";
				PRODUCT_BUNDLE_IDENTIFIER = tech.hulet.DinnerRollTests;
				PRODUCT_NAME = "$(TARGET_NAME)";
				SWIFT_VERSION = 3.0;
				TEST_HOST = "$(BUILT_PRODUCTS_DIR)/DinnerRoll.app/DinnerRoll";
			};
			name = Release;
		};
		4C9AE7D41EA17BC500514983 /* Debug */ = {
			isa = XCBuildConfiguration;
			buildSettings = {
				ALWAYS_EMBED_SWIFT_STANDARD_LIBRARIES = YES;
				DEVELOPMENT_TEAM = K3ZLWH83BT;
				INFOPLIST_FILE = DinnerRollUITests/Info.plist;
				LD_RUNPATH_SEARCH_PATHS = "$(inherited) @executable_path/Frameworks @loader_path/Frameworks";
				PRODUCT_BUNDLE_IDENTIFIER = tech.hulet.DinnerRollUITests;
				PRODUCT_NAME = "$(TARGET_NAME)";
				SWIFT_VERSION = 3.0;
				TEST_TARGET_NAME = DinnerRoll;
			};
			name = Debug;
		};
		4C9AE7D51EA17BC500514983 /* Release */ = {
			isa = XCBuildConfiguration;
			buildSettings = {
				ALWAYS_EMBED_SWIFT_STANDARD_LIBRARIES = YES;
				DEVELOPMENT_TEAM = K3ZLWH83BT;
				INFOPLIST_FILE = DinnerRollUITests/Info.plist;
				LD_RUNPATH_SEARCH_PATHS = "$(inherited) @executable_path/Frameworks @loader_path/Frameworks";
				PRODUCT_BUNDLE_IDENTIFIER = tech.hulet.DinnerRollUITests;
				PRODUCT_NAME = "$(TARGET_NAME)";
				SWIFT_VERSION = 3.0;
				TEST_TARGET_NAME = DinnerRoll;
			};
			name = Release;
		};
/* End XCBuildConfiguration section */

/* Begin XCConfigurationList section */
		4C9AE7A01EA17BC500514983 /* Build configuration list for PBXProject "DinnerRoll" */ = {
			isa = XCConfigurationList;
			buildConfigurations = (
				4C9AE7CB1EA17BC500514983 /* Debug */,
				4C9AE7CC1EA17BC500514983 /* Release */,
			);
			defaultConfigurationIsVisible = 0;
			defaultConfigurationName = Release;
		};
		4C9AE7CD1EA17BC500514983 /* Build configuration list for PBXNativeTarget "DinnerRoll" */ = {
			isa = XCConfigurationList;
			buildConfigurations = (
				4C9AE7CE1EA17BC500514983 /* Debug */,
				4C9AE7CF1EA17BC500514983 /* Release */,
			);
			defaultConfigurationIsVisible = 0;
			defaultConfigurationName = Release;
		};
		4C9AE7D01EA17BC500514983 /* Build configuration list for PBXNativeTarget "DinnerRollTests" */ = {
			isa = XCConfigurationList;
			buildConfigurations = (
				4C9AE7D11EA17BC500514983 /* Debug */,
				4C9AE7D21EA17BC500514983 /* Release */,
			);
			defaultConfigurationIsVisible = 0;
			defaultConfigurationName = Release;
		};
		4C9AE7D31EA17BC500514983 /* Build configuration list for PBXNativeTarget "DinnerRollUITests" */ = {
			isa = XCConfigurationList;
			buildConfigurations = (
				4C9AE7D41EA17BC500514983 /* Debug */,
				4C9AE7D51EA17BC500514983 /* Release */,
			);
			defaultConfigurationIsVisible = 0;
			defaultConfigurationName = Release;
		};
/* End XCConfigurationList section */
	};
	rootObject = 4C9AE79D1EA17BC500514983 /* Project object */;
}
